
Microsoft Visual Studio Solution File, Format Version 12.00
Project("{F2A71F9B-5D33-465A-A702-920D77279786}") = "Sanchez.AOC.Runner", "Sanchez.AOC.Runner\Sanchez.AOC.Runner.fsproj", "{4C747CEC-5F42-4853-8C42-1A889AD7229C}"
EndProject
Project("{F2A71F9B-5D33-465A-A702-920D77279786}") = "Sanchez.AOC.Solutions.2019", "Sanchez.AOC.Solutions.2019\Sanchez.AOC.Solutions.2019.fsproj", "{49D0CA0F-1A85-4DA9-BF7B-C3BCB4FE448C}"
EndProject
Project("{F2A71F9B-5D33-465A-A702-920D77279786}") = "Sanchez.AOC.Core", "Sanchez.AOC.Core\Sanchez.AOC.Core.fsproj", "{14C58455-C1C4-4EB1-BE94-E6DF8873CF8F}"
EndProject
Global
	GlobalSection(SolutionConfigurationPlatforms) = preSolution
		Debug|Any CPU = Debug|Any CPU
		Release|Any CPU = Release|Any CPU
	EndGlobalSection
	GlobalSection(ProjectConfigurationPlatforms) = postSolution
		{4C747CEC-5F42-4853-8C42-1A889AD7229C}.Debug|Any CPU.ActiveCfg = Debug|Any CPU
		{4C747CEC-5F42-4853-8C42-1A889AD7229C}.Debug|Any CPU.Build.0 = Debug|Any CPU
		{4C747CEC-5F42-4853-8C42-1A889AD7229C}.Release|Any CPU.ActiveCfg = Release|Any CPU
		{4C747CEC-5F42-4853-8C42-1A889AD7229C}.Release|Any CPU.Build.0 = Release|Any CPU
		{49D0CA0F-1A85-4DA9-BF7B-C3BCB4FE448C}.Debug|Any CPU.ActiveCfg = Debug|Any CPU
		{49D0CA0F-1A85-4DA9-BF7B-C3BCB4FE448C}.Debug|Any CPU.Build.0 = Debug|Any CPU
		{49D0CA0F-1A85-4DA9-BF7B-C3BCB4FE448C}.Release|Any CPU.ActiveCfg = Release|Any CPU
		{49D0CA0F-1A85-4DA9-BF7B-C3BCB4FE448C}.Release|Any CPU.Build.0 = Release|Any CPU
		{14C58455-C1C4-4EB1-BE94-E6DF8873CF8F}.Debug|Any CPU.ActiveCfg = Debug|Any CPU
		{14C58455-C1C4-4EB1-BE94-E6DF8873CF8F}.Debug|Any CPU.Build.0 = Debug|Any CPU
		{14C58455-C1C4-4EB1-BE94-E6DF8873CF8F}.Release|Any CPU.ActiveCfg = Release|Any CPU
		{14C58455-C1C4-4EB1-BE94-E6DF8873CF8F}.Release|Any CPU.Build.0 = Release|Any CPU
	EndGlobalSection
EndGlobal
